
Microsoft Visual Studio Solution File, Format Version 12.00
# Visual Studio Version 16
VisualStudioVersion = 16.0.33328.57
MinimumVisualStudioVersion = 10.0.40219.1
Project("{FAE04EC0-301F-11D3-BF4B-00C04F79EFBC}") = "Keter_Store_Task", "Keter_Store_Task\Keter_Store_Task.csproj", "{FDE3696F-8EA8-49B8-9B4F-7F9F0B4A5BB7}"
EndProject
Global
	GlobalSection(SolutionConfigurationPlatforms) = preSolution
		Debug|Any CPU = Debug|Any CPU
		Release|Any CPU = Release|Any CPU
	EndGlobalSection
	GlobalSection(ProjectConfigurationPlatforms) = postSolution
		{FDE3696F-8EA8-49B8-9B4F-7F9F0B4A5BB7}.Debug|Any CPU.ActiveCfg = Debug|Any CPU
		{FDE3696F-8EA8-49B8-9B4F-7F9F0B4A5BB7}.Debug|Any CPU.Build.0 = Debug|Any CPU
		{FDE3696F-8EA8-49B8-9B4F-7F9F0B4A5BB7}.Release|Any CPU.ActiveCfg = Release|Any CPU
		{FDE3696F-8EA8-49B8-9B4F-7F9F0B4A5BB7}.Release|Any CPU.Build.0 = Release|Any CPU
	EndGlobalSection
	GlobalSection(SolutionProperties) = preSolution
		HideSolutionNode = FALSE
	EndGlobalSection
	GlobalSection(ExtensibilityGlobals) = postSolution
		SolutionGuid = {5A663F98-F206-4A79-9325-F3C87A62ADD3}
	EndGlobalSection
EndGlobal
